
Microsoft Visual Studio Solution File, Format Version 12.00
# Visual Studio Version 17
VisualStudioVersion = 17.8.34330.188
MinimumVisualStudioVersion = 10.0.40219.1
Project("{9A19103F-16F7-4668-BE54-9A1E7A4F7556}") = "MTC202501", "MTC202501.csproj", "{9D9FFF2F-336E-4828-B53C-2C1C6A151DDA}"
	ProjectSection(ProjectDependencies) = postProject
		{1159FFB0-10D8-4DAA-8555-CE112FECF370} = {1159FFB0-10D8-4DAA-8555-CE112FECF370}
	EndProjectSection
EndProject
Project("{9A19103F-16F7-4668-BE54-9A1E7A4F7556}") = "MtcLibrary1", "..\MtcLibrary1\MtcLibrary1.csproj", "{1159FFB0-10D8-4DAA-8555-CE112FECF370}"
EndProject
Global
	GlobalSection(SolutionConfigurationPlatforms) = preSolution
		Debug|Any CPU = Debug|Any CPU
		Release|Any CPU = Release|Any CPU
	EndGlobalSection
	GlobalSection(ProjectConfigurationPlatforms) = postSolution
		{9D9FFF2F-336E-4828-B53C-2C1C6A151DDA}.Debug|Any CPU.ActiveCfg = Debug|Any CPU
		{9D9FFF2F-336E-4828-B53C-2C1C6A151DDA}.Debug|Any CPU.Build.0 = Debug|Any CPU
		{9D9FFF2F-336E-4828-B53C-2C1C6A151DDA}.Release|Any CPU.ActiveCfg = Release|Any CPU
		{9D9FFF2F-336E-4828-B53C-2C1C6A151DDA}.Release|Any CPU.Build.0 = Release|Any CPU
		{1159FFB0-10D8-4DAA-8555-CE112FECF370}.Debug|Any CPU.ActiveCfg = Debug|Any CPU
		{1159FFB0-10D8-4DAA-8555-CE112FECF370}.Debug|Any CPU.Build.0 = Debug|Any CPU
		{1159FFB0-10D8-4DAA-8555-CE112FECF370}.Release|Any CPU.ActiveCfg = Release|Any CPU
		{1159FFB0-10D8-4DAA-8555-CE112FECF370}.Release|Any CPU.Build.0 = Release|Any CPU
	EndGlobalSection
	GlobalSection(SolutionProperties) = preSolution
		HideSolutionNode = FALSE
	EndGlobalSection
	GlobalSection(ExtensibilityGlobals) = postSolution
		SolutionGuid = {D6A9959D-4D03-4E86-B18B-2FD87111AC5F}
	EndGlobalSection
EndGlobal
